
Microsoft Visual Studio Solution File, Format Version 12.00
# Visual Studio Version 17
VisualStudioVersion = 17.9.34714.143
MinimumVisualStudioVersion = 10.0.40219.1
Project("{2150E333-8FDC-42A3-9474-1A3956D46DE8}") = "deploy", "deploy", "{ED0205AE-155D-43DD-A6D6-5B0632A1C867}"
EndProject
Project("{2150E333-8FDC-42A3-9474-1A3956D46DE8}") = "src", "src", "{5CF403B9-AA6F-4BCD-9E88-8DF3630706AF}"
EndProject
Project("{2150E333-8FDC-42A3-9474-1A3956D46DE8}") = "1 - Api", "1 - Api", "{699776EA-9AA1-40D9-B9BC-D7C405610B8B}"
EndProject
Project("{2150E333-8FDC-42A3-9474-1A3956D46DE8}") = "2 - Application", "2 - Application", "{AC75815E-A11E-4D4C-9B44-F725DB486053}"
EndProject
Project("{2150E333-8FDC-42A3-9474-1A3956D46DE8}") = "3 - Core", "3 - Core", "{F4D149F1-50F4-4A97-BE44-3DA9599C7621}"
EndProject
Project("{2150E333-8FDC-42A3-9474-1A3956D46DE8}") = "4 - Infra", "4 - Infra", "{F972972B-DB6E-4983-97F5-688EB373ED8C}"
EndProject
Project("{2150E333-8FDC-42A3-9474-1A3956D46DE8}") = "4.1 - Data", "4.1 - Data", "{FE5A95EA-B7BA-438F-90F4-6B78DD320E60}"
EndProject
Project("{2150E333-8FDC-42A3-9474-1A3956D46DE8}") = "4.2 - CrossCutting", "4.2 - CrossCutting", "{A63520EE-CF4D-45F3-9F8C-E7C2F7AE4A9D}"
EndProject
Project("{FAE04EC0-301F-11D3-BF4B-00C04F79EFBC}") = "Money.Infra.Data.DynamoDB", "src\Money.Infra.Data.DynamoDB\Money.Infra.Data.DynamoDB.csproj", "{87762F04-1DAC-4405-8A20-04D27ADCF97E}"
EndProject
Project("{FAE04EC0-301F-11D3-BF4B-00C04F79EFBC}") = "Money.Infra.Data.CrossCutting.IoC", "src\Money.Infra.Data.CrossCutting.IoC\Money.Infra.Data.CrossCutting.IoC.csproj", "{A7C77A6C-C414-4A54-8097-48C5C75B08C9}"
EndProject
Project("{FAE04EC0-301F-11D3-BF4B-00C04F79EFBC}") = "Money.Core", "src\Money.Core\Money.Core.csproj", "{601EECF4-5898-44D3-8F20-F34B933C8ACF}"
EndProject
Project("{FAE04EC0-301F-11D3-BF4B-00C04F79EFBC}") = "Money.Core.Entities", "src\Money.Core.Entities\Money.Core.Entities.csproj", "{C0E0E6A0-25C9-4C33-8BA0-6F9BB2ADA3FE}"
EndProject
Project("{FAE04EC0-301F-11D3-BF4B-00C04F79EFBC}") = "Money.Core.Abstractions", "src\Money.Core.Abstractions\Money.Core.Abstractions.csproj", "{3E9BD2E4-136C-4DC4-9EB5-3F84271DBACD}"
EndProject
Project("{FAE04EC0-301F-11D3-BF4B-00C04F79EFBC}") = "Money.Application", "src\Money.Application\Money.Application.csproj", "{B94E8EB9-319C-426D-9E9C-8C13C95A847D}"
EndProject
Project("{FAE04EC0-301F-11D3-BF4B-00C04F79EFBC}") = "Money.Application.Abstractions", "src\Money.Application.Abstractions\Money.Application.Abstractions.csproj", "{2C2908F0-6113-455D-AE19-3BAE7373EB3E}"
EndProject
Project("{2150E333-8FDC-42A3-9474-1A3956D46DE8}") = "Lambda", "Lambda", "{D4ACC329-5E62-4823-B3E2-60672665FED8}"
EndProject
Project("{2150E333-8FDC-42A3-9474-1A3956D46DE8}") = "Minimal", "Minimal", "{C287A2C7-E49B-43C6-B9C8-530713180B75}"
EndProject
Project("{9A19103F-16F7-4668-BE54-9A1E7A4F7556}") = "Money.Minimal.Auth", "src\Money.Minimal.Auth\Money.Minimal.Auth.csproj", "{BE8A266C-24E3-4208-8DC7-0BE006552334}"
EndProject
Project("{9A19103F-16F7-4668-BE54-9A1E7A4F7556}") = "Money.Minimal.Money", "src\Money.Minimal.Money\Money.Minimal.Money.csproj", "{079552F3-52F0-427A-A33C-B618AB96D3BB}"
EndProject
Global
	GlobalSection(SolutionConfigurationPlatforms) = preSolution
		Debug|Any CPU = Debug|Any CPU
		Release|Any CPU = Release|Any CPU
	EndGlobalSection
	GlobalSection(ProjectConfigurationPlatforms) = postSolution
		{87762F04-1DAC-4405-8A20-04D27ADCF97E}.Debug|Any CPU.ActiveCfg = Debug|Any CPU
		{87762F04-1DAC-4405-8A20-04D27ADCF97E}.Debug|Any CPU.Build.0 = Debug|Any CPU
		{87762F04-1DAC-4405-8A20-04D27ADCF97E}.Release|Any CPU.ActiveCfg = Release|Any CPU
		{87762F04-1DAC-4405-8A20-04D27ADCF97E}.Release|Any CPU.Build.0 = Release|Any CPU
		{A7C77A6C-C414-4A54-8097-48C5C75B08C9}.Debug|Any CPU.ActiveCfg = Debug|Any CPU
		{A7C77A6C-C414-4A54-8097-48C5C75B08C9}.Debug|Any CPU.Build.0 = Debug|Any CPU
		{A7C77A6C-C414-4A54-8097-48C5C75B08C9}.Release|Any CPU.ActiveCfg = Release|Any CPU
		{A7C77A6C-C414-4A54-8097-48C5C75B08C9}.Release|Any CPU.Build.0 = Release|Any CPU
		{601EECF4-5898-44D3-8F20-F34B933C8ACF}.Debug|Any CPU.ActiveCfg = Debug|Any CPU
		{601EECF4-5898-44D3-8F20-F34B933C8ACF}.Debug|Any CPU.Build.0 = Debug|Any CPU
		{601EECF4-5898-44D3-8F20-F34B933C8ACF}.Release|Any CPU.ActiveCfg = Release|Any CPU
		{601EECF4-5898-44D3-8F20-F34B933C8ACF}.Release|Any CPU.Build.0 = Release|Any CPU
		{C0E0E6A0-25C9-4C33-8BA0-6F9BB2ADA3FE}.Debug|Any CPU.ActiveCfg = Debug|Any CPU
		{C0E0E6A0-25C9-4C33-8BA0-6F9BB2ADA3FE}.Debug|Any CPU.Build.0 = Debug|Any CPU
		{C0E0E6A0-25C9-4C33-8BA0-6F9BB2ADA3FE}.Release|Any CPU.ActiveCfg = Release|Any CPU
		{C0E0E6A0-25C9-4C33-8BA0-6F9BB2ADA3FE}.Release|Any CPU.Build.0 = Release|Any CPU
		{3E9BD2E4-136C-4DC4-9EB5-3F84271DBACD}.Debug|Any CPU.ActiveCfg = Debug|Any CPU
		{3E9BD2E4-136C-4DC4-9EB5-3F84271DBACD}.Debug|Any CPU.Build.0 = Debug|Any CPU
		{3E9BD2E4-136C-4DC4-9EB5-3F84271DBACD}.Release|Any CPU.ActiveCfg = Release|Any CPU
		{3E9BD2E4-136C-4DC4-9EB5-3F84271DBACD}.Release|Any CPU.Build.0 = Release|Any CPU
		{B94E8EB9-319C-426D-9E9C-8C13C95A847D}.Debug|Any CPU.ActiveCfg = Debug|Any CPU
		{B94E8EB9-319C-426D-9E9C-8C13C95A847D}.Debug|Any CPU.Build.0 = Debug|Any CPU
		{B94E8EB9-319C-426D-9E9C-8C13C95A847D}.Release|Any CPU.ActiveCfg = Release|Any CPU
		{B94E8EB9-319C-426D-9E9C-8C13C95A847D}.Release|Any CPU.Build.0 = Release|Any CPU
		{2C2908F0-6113-455D-AE19-3BAE7373EB3E}.Debug|Any CPU.ActiveCfg = Debug|Any CPU
		{2C2908F0-6113-455D-AE19-3BAE7373EB3E}.Debug|Any CPU.Build.0 = Debug|Any CPU
		{2C2908F0-6113-455D-AE19-3BAE7373EB3E}.Release|Any CPU.ActiveCfg = Release|Any CPU
		{2C2908F0-6113-455D-AE19-3BAE7373EB3E}.Release|Any CPU.Build.0 = Release|Any CPU
		{BE8A266C-24E3-4208-8DC7-0BE006552334}.Debug|Any CPU.ActiveCfg = Debug|Any CPU
		{BE8A266C-24E3-4208-8DC7-0BE006552334}.Debug|Any CPU.Build.0 = Debug|Any CPU
		{BE8A266C-24E3-4208-8DC7-0BE006552334}.Release|Any CPU.ActiveCfg = Release|Any CPU
		{BE8A266C-24E3-4208-8DC7-0BE006552334}.Release|Any CPU.Build.0 = Release|Any CPU
		{079552F3-52F0-427A-A33C-B618AB96D3BB}.Debug|Any CPU.ActiveCfg = Debug|Any CPU
		{079552F3-52F0-427A-A33C-B618AB96D3BB}.Debug|Any CPU.Build.0 = Debug|Any CPU
		{079552F3-52F0-427A-A33C-B618AB96D3BB}.Release|Any CPU.ActiveCfg = Release|Any CPU
		{079552F3-52F0-427A-A33C-B618AB96D3BB}.Release|Any CPU.Build.0 = Release|Any CPU
	EndGlobalSection
	GlobalSection(SolutionProperties) = preSolution
		HideSolutionNode = FALSE
	EndGlobalSection
	GlobalSection(NestedProjects) = preSolution
		{699776EA-9AA1-40D9-B9BC-D7C405610B8B} = {5CF403B9-AA6F-4BCD-9E88-8DF3630706AF}
		{AC75815E-A11E-4D4C-9B44-F725DB486053} = {5CF403B9-AA6F-4BCD-9E88-8DF3630706AF}
		{F4D149F1-50F4-4A97-BE44-3DA9599C7621} = {5CF403B9-AA6F-4BCD-9E88-8DF3630706AF}
		{F972972B-DB6E-4983-97F5-688EB373ED8C} = {5CF403B9-AA6F-4BCD-9E88-8DF3630706AF}
		{FE5A95EA-B7BA-438F-90F4-6B78DD320E60} = {F972972B-DB6E-4983-97F5-688EB373ED8C}
		{A63520EE-CF4D-45F3-9F8C-E7C2F7AE4A9D} = {F972972B-DB6E-4983-97F5-688EB373ED8C}
		{87762F04-1DAC-4405-8A20-04D27ADCF97E} = {FE5A95EA-B7BA-438F-90F4-6B78DD320E60}
		{A7C77A6C-C414-4A54-8097-48C5C75B08C9} = {A63520EE-CF4D-45F3-9F8C-E7C2F7AE4A9D}
		{601EECF4-5898-44D3-8F20-F34B933C8ACF} = {F4D149F1-50F4-4A97-BE44-3DA9599C7621}
		{C0E0E6A0-25C9-4C33-8BA0-6F9BB2ADA3FE} = {F4D149F1-50F4-4A97-BE44-3DA9599C7621}
		{3E9BD2E4-136C-4DC4-9EB5-3F84271DBACD} = {F4D149F1-50F4-4A97-BE44-3DA9599C7621}
		{B94E8EB9-319C-426D-9E9C-8C13C95A847D} = {AC75815E-A11E-4D4C-9B44-F725DB486053}
		{2C2908F0-6113-455D-AE19-3BAE7373EB3E} = {AC75815E-A11E-4D4C-9B44-F725DB486053}
		{D4ACC329-5E62-4823-B3E2-60672665FED8} = {699776EA-9AA1-40D9-B9BC-D7C405610B8B}
		{C287A2C7-E49B-43C6-B9C8-530713180B75} = {699776EA-9AA1-40D9-B9BC-D7C405610B8B}
		{BE8A266C-24E3-4208-8DC7-0BE006552334} = {C287A2C7-E49B-43C6-B9C8-530713180B75}
		{079552F3-52F0-427A-A33C-B618AB96D3BB} = {C287A2C7-E49B-43C6-B9C8-530713180B75}
	EndGlobalSection
	GlobalSection(ExtensibilityGlobals) = postSolution
		SolutionGuid = {EA49C3D3-E98D-490A-9CCF-05B95B6210A0}
	EndGlobalSection
EndGlobal
